
Microsoft Visual Studio Solution File, Format Version 12.00
# Visual Studio Version 17
VisualStudioVersion = 17.1.32210.238
MinimumVisualStudioVersion = 10.0.40219.1
Project("{FAE04EC0-301F-11D3-BF4B-00C04F79EFBC}") = "dotnet-demo", "dotnet-demo.csproj", "{6ABDF282-EF82-4637-AD0E-7886EC32709E}"
EndProject
Global
	GlobalSection(SolutionConfigurationPlatforms) = preSolution
		Debug|Any CPU = Debug|Any CPU
		Release|Any CPU = Release|Any CPU
	EndGlobalSection
	GlobalSection(ProjectConfigurationPlatforms) = postSolution
		{6ABDF282-EF82-4637-AD0E-7886EC32709E}.Debug|Any CPU.ActiveCfg = Debug|Any CPU
		{6ABDF282-EF82-4637-AD0E-7886EC32709E}.Debug|Any CPU.Build.0 = Debug|Any CPU
		{6ABDF282-EF82-4637-AD0E-7886EC32709E}.Release|Any CPU.ActiveCfg = Release|Any CPU
		{6ABDF282-EF82-4637-AD0E-7886EC32709E}.Release|Any CPU.Build.0 = Release|Any CPU
	EndGlobalSection
	GlobalSection(SolutionProperties) = preSolution
		HideSolutionNode = FALSE
	EndGlobalSection
	GlobalSection(ExtensibilityGlobals) = postSolution
		SolutionGuid = {CD59C1E4-E7B9-4553-AEA0-CFE72A6032DA}
	EndGlobalSection
EndGlobal
